
Microsoft Visual Studio Solution File, Format Version 12.00
# Visual Studio Version 16
VisualStudioVersion = 16.0.29324.140
MinimumVisualStudioVersion = 10.0.40219.1
Project("{9A19103F-16F7-4668-BE54-9A1E7A4F7556}") = "PwshCode", "PwshCode.csproj", "{B89B6268-EB5F-494C-A6CE-A1C6F994A0E8}"
EndProject
Global
	GlobalSection(SolutionConfigurationPlatforms) = preSolution
		Debug|Any CPU = Debug|Any CPU
		Release|Any CPU = Release|Any CPU
	EndGlobalSection
	GlobalSection(ProjectConfigurationPlatforms) = postSolution
		{B89B6268-EB5F-494C-A6CE-A1C6F994A0E8}.Debug|Any CPU.ActiveCfg = Debug|Any CPU
		{B89B6268-EB5F-494C-A6CE-A1C6F994A0E8}.Debug|Any CPU.Build.0 = Debug|Any CPU
		{B89B6268-EB5F-494C-A6CE-A1C6F994A0E8}.Release|Any CPU.ActiveCfg = Release|Any CPU
		{B89B6268-EB5F-494C-A6CE-A1C6F994A0E8}.Release|Any CPU.Build.0 = Release|Any CPU
	EndGlobalSection
	GlobalSection(SolutionProperties) = preSolution
		HideSolutionNode = FALSE
	EndGlobalSection
	GlobalSection(ExtensibilityGlobals) = postSolution
		SolutionGuid = {935D7CF7-A847-4E39-B412-9000245AA59F}
	EndGlobalSection
EndGlobal
